
Microsoft Visual Studio Solution File, Format Version 12.00
# Visual Studio Version 17
VisualStudioVersion = 17.14.36310.24 d17.14
MinimumVisualStudioVersion = 10.0.40219.1
Project("{FAE04EC0-301F-11D3-BF4B-00C04F79EFBC}") = "WinFormsApp1", "WinFormsApp1\WinFormsApp1.csproj", "{F74705CC-A9E1-4FBC-8BD2-31AA7C4AD91B}"
EndProject
Global
	GlobalSection(SolutionConfigurationPlatforms) = preSolution
		Debug|Any CPU = Debug|Any CPU
		Release|Any CPU = Release|Any CPU
	EndGlobalSection
	GlobalSection(ProjectConfigurationPlatforms) = postSolution
		{F74705CC-A9E1-4FBC-8BD2-31AA7C4AD91B}.Debug|Any CPU.ActiveCfg = Debug|Any CPU
		{F74705CC-A9E1-4FBC-8BD2-31AA7C4AD91B}.Debug|Any CPU.Build.0 = Debug|Any CPU
		{F74705CC-A9E1-4FBC-8BD2-31AA7C4AD91B}.Release|Any CPU.ActiveCfg = Release|Any CPU
		{F74705CC-A9E1-4FBC-8BD2-31AA7C4AD91B}.Release|Any CPU.Build.0 = Release|Any CPU
	EndGlobalSection
	GlobalSection(SolutionProperties) = preSolution
		HideSolutionNode = FALSE
	EndGlobalSection
	GlobalSection(ExtensibilityGlobals) = postSolution
		SolutionGuid = {90F156E1-76FA-4248-AF76-C68E4B1761A7}
	EndGlobalSection
EndGlobal
